
Microsoft Visual Studio Solution File, Format Version 12.00
# Visual Studio Version 16
VisualStudioVersion = 16.0.30114.105
MinimumVisualStudioVersion = 10.0.40219.1
Project("{FAE04EC0-301F-11D3-BF4B-00C04F79EFBC}") = "BlogPessoal", "BlogPessoal\BlogPessoal.csproj", "{7B2D340D-AB8B-4A91-956B-B1CB55328385}"
EndProject
Project("{FAE04EC0-301F-11D3-BF4B-00C04F79EFBC}") = "BlogPessoalTeste", "BlogPessoalTeste\BlogPessoalTeste.csproj", "{A29B3452-7BBC-4493-819E-70706EC3CB28}"
EndProject
Global
	GlobalSection(SolutionConfigurationPlatforms) = preSolution
		Debug|Any CPU = Debug|Any CPU
		Release|Any CPU = Release|Any CPU
	EndGlobalSection
	GlobalSection(SolutionProperties) = preSolution
		HideSolutionNode = FALSE
	EndGlobalSection
	GlobalSection(ProjectConfigurationPlatforms) = postSolution
		{7B2D340D-AB8B-4A91-956B-B1CB55328385}.Debug|Any CPU.ActiveCfg = Debug|Any CPU
		{7B2D340D-AB8B-4A91-956B-B1CB55328385}.Debug|Any CPU.Build.0 = Debug|Any CPU
		{7B2D340D-AB8B-4A91-956B-B1CB55328385}.Release|Any CPU.ActiveCfg = Release|Any CPU
		{7B2D340D-AB8B-4A91-956B-B1CB55328385}.Release|Any CPU.Build.0 = Release|Any CPU
		{A29B3452-7BBC-4493-819E-70706EC3CB28}.Debug|Any CPU.ActiveCfg = Debug|Any CPU
		{A29B3452-7BBC-4493-819E-70706EC3CB28}.Debug|Any CPU.Build.0 = Debug|Any CPU
		{A29B3452-7BBC-4493-819E-70706EC3CB28}.Release|Any CPU.ActiveCfg = Release|Any CPU
		{A29B3452-7BBC-4493-819E-70706EC3CB28}.Release|Any CPU.Build.0 = Release|Any CPU
	EndGlobalSection
EndGlobal
